
Microsoft Visual Studio Solution File, Format Version 12.00
# Visual Studio Version 16
VisualStudioVersion = 16.0.30611.23
MinimumVisualStudioVersion = 10.0.40219.1
Project("{8BC9CEB8-8B4A-11D0-8D11-00A0C91BC942}") = "Project15_StarryOutput", "Project15_StarryOutput\Project15_StarryOutput.vcxproj", "{A31DE12F-32BC-45A7-AB51-CCCFE1733405}"
EndProject
Global
	GlobalSection(SolutionConfigurationPlatforms) = preSolution
		Debug|x64 = Debug|x64
		Debug|x86 = Debug|x86
		Release|x64 = Release|x64
		Release|x86 = Release|x86
	EndGlobalSection
	GlobalSection(ProjectConfigurationPlatforms) = postSolution
		{A31DE12F-32BC-45A7-AB51-CCCFE1733405}.Debug|x64.ActiveCfg = Debug|x64
		{A31DE12F-32BC-45A7-AB51-CCCFE1733405}.Debug|x64.Build.0 = Debug|x64
		{A31DE12F-32BC-45A7-AB51-CCCFE1733405}.Debug|x86.ActiveCfg = Debug|Win32
		{A31DE12F-32BC-45A7-AB51-CCCFE1733405}.Debug|x86.Build.0 = Debug|Win32
		{A31DE12F-32BC-45A7-AB51-CCCFE1733405}.Release|x64.ActiveCfg = Release|x64
		{A31DE12F-32BC-45A7-AB51-CCCFE1733405}.Release|x64.Build.0 = Release|x64
		{A31DE12F-32BC-45A7-AB51-CCCFE1733405}.Release|x86.ActiveCfg = Release|Win32
		{A31DE12F-32BC-45A7-AB51-CCCFE1733405}.Release|x86.Build.0 = Release|Win32
	EndGlobalSection
	GlobalSection(SolutionProperties) = preSolution
		HideSolutionNode = FALSE
	EndGlobalSection
	GlobalSection(ExtensibilityGlobals) = postSolution
		SolutionGuid = {AD87459B-C3DD-4189-9D65-5F4BB2048697}
	EndGlobalSection
EndGlobal
